// !$*UTF8*$!
{
	archiveVersion = 1;
	classes = {
	};
	objectVersion = 50;
	objects = {

/* Begin PBXBuildFile section */
		FAEACC6D29BBA281002A15E4 /* AppDelegate.swift in Sources */ = {isa = PBXBuildFile; fileRef = FAEACC6C29BBA281002A15E4 /* AppDelegate.swift */; };
		FAEACC6F29BBA281002A15E4 /* ViewController.swift in Sources */ = {isa = PBXBuildFile; fileRef = FAEACC6E29BBA281002A15E4 /* ViewController.swift */; };
		FAEACC7129BBA282002A15E4 /* Assets.xcassets in Resources */ = {isa = PBXBuildFile; fileRef = FAEACC7029BBA282002A15E4 /* Assets.xcassets */; };
		FAEACC7429BBA282002A15E4 /* Main.storyboard in Resources */ = {isa = PBXBuildFile; fileRef = FAEACC7229BBA282002A15E4 /* Main.storyboard */; };
		FAEACC8929BBA497002A15E4 /* NXUSBDevice.m in Sources */ = {isa = PBXBuildFile; fileRef = FAEACC8129BBA497002A15E4 /* NXUSBDevice.m */; };
		FAEACC8A29BBA497002A15E4 /* NXHekateCustomizer.m in Sources */ = {isa = PBXBuildFile; fileRef = FAEACC8329BBA497002A15E4 /* NXHekateCustomizer.m */; };
		FAEACC8B29BBA497002A15E4 /* NXLog.m in Sources */ = {isa = PBXBuildFile; fileRef = FAEACC8529BBA497002A15E4 /* NXLog.m */; };
		FAEACC8C29BBA497002A15E4 /* NXUSBDeviceEnumerator.m in Sources */ = {isa = PBXBuildFile; fileRef = FAEACC8629BBA497002A15E4 /* NXUSBDeviceEnumerator.m */; };
		FAEACC8D29BBA497002A15E4 /* NXExec.m in Sources */ = {isa = PBXBuildFile; fileRef = FAEACC8729BBA497002A15E4 /* NXExec.m */; };
		FAEACC8E29BBA497002A15E4 /* Info.plist in Resources */ = {isa = PBXBuildFile; fileRef = FAEACC8829BBA497002A15E4 /* Info.plist */; };
		FAEACC9A29BBE501002A15E4 /* NXBoot.m in Sources */ = {isa = PBXBuildFile; fileRef = FAEACC9929BBE501002A15E4 /* NXBoot.m */; };
/* End PBXBuildFile section */

/* Begin PBXFileReference section */
		FAEACC6929BBA281002A15E4 /* nxboot-gui.app */ = {isa = PBXFileReference; explicitFileType = wrapper.application; includeInIndex = 0; path = "nxboot-gui.app"; sourceTree = BUILT_PRODUCTS_DIR; };
		FAEACC6C29BBA281002A15E4 /* AppDelegate.swift */ = {isa = PBXFileReference; lastKnownFileType = sourcecode.swift; path = AppDelegate.swift; sourceTree = "<group>"; };
		FAEACC6E29BBA281002A15E4 /* ViewController.swift */ = {isa = PBXFileReference; lastKnownFileType = sourcecode.swift; path = ViewController.swift; sourceTree = "<group>"; };
		FAEACC7029BBA282002A15E4 /* Assets.xcassets */ = {isa = PBXFileReference; lastKnownFileType = folder.assetcatalog; path = Assets.xcassets; sourceTree = "<group>"; };
		FAEACC7329BBA282002A15E4 /* Base */ = {isa = PBXFileReference; lastKnownFileType = file.storyboard; name = Base; path = Base.lproj/Main.storyboard; sourceTree = "<group>"; };
		FAEACC7529BBA283002A15E4 /* Info.plist */ = {isa = PBXFileReference; lastKnownFileType = text.plist.xml; path = Info.plist; sourceTree = "<group>"; };
		FAEACC7629BBA283002A15E4 /* nxboot_gui.entitlements */ = {isa = PBXFileReference; lastKnownFileType = text.plist.entitlements; path = nxboot_gui.entitlements; sourceTree = "<group>"; };
		FAEACC7D29BBA497002A15E4 /* NXHekateCustomizer.h */ = {isa = PBXFileReference; fileEncoding = 4; lastKnownFileType = sourcecode.c.h; path = NXHekateCustomizer.h; sourceTree = "<group>"; };
		FAEACC7E29BBA497002A15E4 /* NXExec.h */ = {isa = PBXFileReference; fileEncoding = 4; lastKnownFileType = sourcecode.c.h; path = NXExec.h; sourceTree = "<group>"; };
		FAEACC7F29BBA497002A15E4 /* NXUSBDeviceEnumerator.h */ = {isa = PBXFileReference; fileEncoding = 4; lastKnownFileType = sourcecode.c.h; path = NXUSBDeviceEnumerator.h; sourceTree = "<group>"; };
		FAEACC8029BBA497002A15E4 /* NXLog.h */ = {isa = PBXFileReference; fileEncoding = 4; lastKnownFileType = sourcecode.c.h; path = NXLog.h; sourceTree = "<group>"; };
		FAEACC8129BBA497002A15E4 /* NXUSBDevice.m */ = {isa = PBXFileReference; fileEncoding = 4; lastKnownFileType = sourcecode.c.objc; path = NXUSBDevice.m; sourceTree = "<group>"; };
		FAEACC8229BBA497002A15E4 /* NXBootKit.h */ = {isa = PBXFileReference; fileEncoding = 4; lastKnownFileType = sourcecode.c.h; path = NXBootKit.h; sourceTree = "<group>"; };
		FAEACC8329BBA497002A15E4 /* NXHekateCustomizer.m */ = {isa = PBXFileReference; fileEncoding = 4; lastKnownFileType = sourcecode.c.objc; path = NXHekateCustomizer.m; sourceTree = "<group>"; };
		FAEACC8429BBA497002A15E4 /* NXUSBDevice.h */ = {isa = PBXFileReference; fileEncoding = 4; lastKnownFileType = sourcecode.c.h; path = NXUSBDevice.h; sourceTree = "<group>"; };
		FAEACC8529BBA497002A15E4 /* NXLog.m */ = {isa = PBXFileReference; fileEncoding = 4; lastKnownFileType = sourcecode.c.objc; path = NXLog.m; sourceTree = "<group>"; };
		FAEACC8629BBA497002A15E4 /* NXUSBDeviceEnumerator.m */ = {isa = PBXFileReference; fileEncoding = 4; lastKnownFileType = sourcecode.c.objc; path = NXUSBDeviceEnumerator.m; sourceTree = "<group>"; };
		FAEACC8729BBA497002A15E4 /* NXExec.m */ = {isa = PBXFileReference; fileEncoding = 4; lastKnownFileType = sourcecode.c.objc; path = NXExec.m; sourceTree = "<group>"; };
		FAEACC8829BBA497002A15E4 /* Info.plist */ = {isa = PBXFileReference; fileEncoding = 4; lastKnownFileType = text.plist.xml; path = Info.plist; sourceTree = "<group>"; };
		FAEACC8F29BBB2E8002A15E4 /* nxboot-gui-Bridging-Header.h */ = {isa = PBXFileReference; lastKnownFileType = sourcecode.c.h; path = "nxboot-gui-Bridging-Header.h"; sourceTree = "<group>"; };
		FAEACC9929BBE501002A15E4 /* NXBoot.m */ = {isa = PBXFileReference; lastKnownFileType = sourcecode.c.objc; path = NXBoot.m; sourceTree = "<group>"; };
		FAEACC9B29BBEBC1002A15E4 /* NXBoot.h */ = {isa = PBXFileReference; lastKnownFileType = sourcecode.c.h; path = NXBoot.h; sourceTree = "<group>"; };
		FAEACCCD29BCFCD8002A15E4 /* crt1.3.1.o */ = {isa = PBXFileReference; lastKnownFileType = "compiled.mach-o.objfile"; path = crt1.3.1.o; sourceTree = "<group>"; };
		FAEACCD029BCFD00002A15E4 /* intermezzo.bin */ = {isa = PBXFileReference; lastKnownFileType = archive.macbinary; path = intermezzo.bin; sourceTree = "<group>"; };
/* End PBXFileReference section */

/* Begin PBXFrameworksBuildPhase section */
		FAEACC6629BBA281002A15E4 /* Frameworks */ = {
			isa = PBXFrameworksBuildPhase;
			buildActionMask = 2147483647;
			files = (
			);
			runOnlyForDeploymentPostprocessing = 0;
		};
/* End PBXFrameworksBuildPhase section */

/* Begin PBXGroup section */
		FAEACC6029BBA281002A15E4 = {
			isa = PBXGroup;
			children = (
				FAEACCCE29BCFCE1002A15E4 /* Shared */,
				FAEACCCB29BCFCBD002A15E4 /* System */,
				FAEACC6B29BBA281002A15E4 /* nxboot-gui */,
				FAEACC6A29BBA281002A15E4 /* Products */,
			);
			sourceTree = "<group>";
		};
		FAEACC6A29BBA281002A15E4 /* Products */ = {
			isa = PBXGroup;
			children = (
				FAEACC6929BBA281002A15E4 /* nxboot-gui.app */,
			);
			name = Products;
			sourceTree = "<group>";
		};
		FAEACC6B29BBA281002A15E4 /* nxboot-gui */ = {
			isa = PBXGroup;
			children = (
				FAEACC7C29BBA497002A15E4 /* NXBootKit */,
				FAEACC6C29BBA281002A15E4 /* AppDelegate.swift */,
				FAEACC6E29BBA281002A15E4 /* ViewController.swift */,
				FAEACC7029BBA282002A15E4 /* Assets.xcassets */,
				FAEACC7229BBA282002A15E4 /* Main.storyboard */,
				FAEACC7529BBA283002A15E4 /* Info.plist */,
				FAEACC7629BBA283002A15E4 /* nxboot_gui.entitlements */,
				FAEACC8F29BBB2E8002A15E4 /* nxboot-gui-Bridging-Header.h */,
				FAEACC9929BBE501002A15E4 /* NXBoot.m */,
				FAEACC9B29BBEBC1002A15E4 /* NXBoot.h */,
			);
			path = "nxboot-gui";
			sourceTree = "<group>";
		};
		FAEACC7C29BBA497002A15E4 /* NXBootKit */ = {
			isa = PBXGroup;
			children = (
				FAEACC7D29BBA497002A15E4 /* NXHekateCustomizer.h */,
				FAEACC7E29BBA497002A15E4 /* NXExec.h */,
				FAEACC7F29BBA497002A15E4 /* NXUSBDeviceEnumerator.h */,
				FAEACC8029BBA497002A15E4 /* NXLog.h */,
				FAEACC8129BBA497002A15E4 /* NXUSBDevice.m */,
				FAEACC8229BBA497002A15E4 /* NXBootKit.h */,
				FAEACC8329BBA497002A15E4 /* NXHekateCustomizer.m */,
				FAEACC8429BBA497002A15E4 /* NXUSBDevice.h */,
				FAEACC8529BBA497002A15E4 /* NXLog.m */,
				FAEACC8629BBA497002A15E4 /* NXUSBDeviceEnumerator.m */,
				FAEACC8729BBA497002A15E4 /* NXExec.m */,
				FAEACC8829BBA497002A15E4 /* Info.plist */,
			);
			path = NXBootKit;
			sourceTree = "<group>";
		};
		FAEACCCB29BCFCBD002A15E4 /* System */ = {
			isa = PBXGroup;
			children = (
				FAEACCCC29BCFCC4002A15E4 /* lib */,
			);
			path = System;
			sourceTree = "<group>";
		};
		FAEACCCC29BCFCC4002A15E4 /* lib */ = {
			isa = PBXGroup;
			children = (
				FAEACCCD29BCFCD8002A15E4 /* crt1.3.1.o */,
			);
			path = lib;
			sourceTree = "<group>";
		};
		FAEACCCE29BCFCE1002A15E4 /* Shared */ = {
			isa = PBXGroup;
			children = (
				FAEACCCF29BCFCE9002A15E4 /* Payloads */,
			);
			path = Shared;
			sourceTree = "<group>";
		};
		FAEACCCF29BCFCE9002A15E4 /* Payloads */ = {
			isa = PBXGroup;
			children = (
				FAEACCD029BCFD00002A15E4 /* intermezzo.bin */,
			);
			path = Payloads;
			sourceTree = "<group>";
		};
/* End PBXGroup section */

/* Begin PBXNativeTarget section */
		FAEACC6829BBA281002A15E4 /* nxboot-gui */ = {
			isa = PBXNativeTarget;
			buildConfigurationList = FAEACC7929BBA283002A15E4 /* Build configuration list for PBXNativeTarget "nxboot-gui" */;
			buildPhases = (
				FAEACC6529BBA281002A15E4 /* Sources */,
				FAEACC6629BBA281002A15E4 /* Frameworks */,
				FAEACC6729BBA281002A15E4 /* Resources */,
			);
			buildRules = (
			);
			dependencies = (
			);
			name = "nxboot-gui";
			productName = "nxboot-gui";
			productReference = FAEACC6929BBA281002A15E4 /* nxboot-gui.app */;
			productType = "com.apple.product-type.application";
		};
/* End PBXNativeTarget section */

/* Begin PBXProject section */
		FAEACC6129BBA281002A15E4 /* Project object */ = {
			isa = PBXProject;
			attributes = {
				LastSwiftUpdateCheck = 1010;
				LastUpgradeCheck = 1010;
				ORGANIZATIONNAME = "alex Cheker";
				TargetAttributes = {
					FAEACC6829BBA281002A15E4 = {
						CreatedOnToolsVersion = 10.1;
					};
				};
			};
			buildConfigurationList = FAEACC6429BBA281002A15E4 /* Build configuration list for PBXProject "nxboot-gui" */;
			compatibilityVersion = "Xcode 9.3";
			developmentRegion = en;
			hasScannedForEncodings = 0;
			knownRegions = (
				en,
				Base,
			);
			mainGroup = FAEACC6029BBA281002A15E4;
			productRefGroup = FAEACC6A29BBA281002A15E4 /* Products */;
			projectDirPath = "";
			projectRoot = "";
			targets = (
				FAEACC6829BBA281002A15E4 /* nxboot-gui */,
			);
		};
/* End PBXProject section */

/* Begin PBXResourcesBuildPhase section */
		FAEACC6729BBA281002A15E4 /* Resources */ = {
			isa = PBXResourcesBuildPhase;
			buildActionMask = 2147483647;
			files = (
				FAEACC7129BBA282002A15E4 /* Assets.xcassets in Resources */,
				FAEACC7429BBA282002A15E4 /* Main.storyboard in Resources */,
				FAEACC8E29BBA497002A15E4 /* Info.plist in Resources */,
			);
			runOnlyForDeploymentPostprocessing = 0;
		};
/* End PBXResourcesBuildPhase section */

/* Begin PBXSourcesBuildPhase section */
		FAEACC6529BBA281002A15E4 /* Sources */ = {
			isa = PBXSourcesBuildPhase;
			buildActionMask = 2147483647;
			files = (
				FAEACC8B29BBA497002A15E4 /* NXLog.m in Sources */,
				FAEACC8A29BBA497002A15E4 /* NXHekateCustomizer.m in Sources */,
				FAEACC8C29BBA497002A15E4 /* NXUSBDeviceEnumerator.m in Sources */,
				FAEACC6F29BBA281002A15E4 /* ViewController.swift in Sources */,
				FAEACC8929BBA497002A15E4 /* NXUSBDevice.m in Sources */,
				FAEACC9A29BBE501002A15E4 /* NXBoot.m in Sources */,
				FAEACC8D29BBA497002A15E4 /* NXExec.m in Sources */,
				FAEACC6D29BBA281002A15E4 /* AppDelegate.swift in Sources */,
			);
			runOnlyForDeploymentPostprocessing = 0;
		};
/* End PBXSourcesBuildPhase section */

/* Begin PBXVariantGroup section */
		FAEACC7229BBA282002A15E4 /* Main.storyboard */ = {
			isa = PBXVariantGroup;
			children = (
				FAEACC7329BBA282002A15E4 /* Base */,
			);
			name = Main.storyboard;
			sourceTree = "<group>";
		};
/* End PBXVariantGroup section */

/* Begin XCBuildConfiguration section */
		FAEACC7729BBA283002A15E4 /* Debug */ = {
			isa = XCBuildConfiguration;
			buildSettings = {
				ALWAYS_SEARCH_USER_PATHS = NO;
				CLANG_ANALYZER_NONNULL = YES;
				CLANG_ANALYZER_NUMBER_OBJECT_CONVERSION = YES_AGGRESSIVE;
				CLANG_CXX_LANGUAGE_STANDARD = "gnu++14";
				CLANG_CXX_LIBRARY = "libc++";
				CLANG_ENABLE_MODULES = YES;
				CLANG_ENABLE_OBJC_ARC = YES;
				CLANG_ENABLE_OBJC_WEAK = YES;
				CLANG_WARN_BLOCK_CAPTURE_AUTORELEASING = YES;
				CLANG_WARN_BOOL_CONVERSION = YES;
				CLANG_WARN_COMMA = YES;
				CLANG_WARN_CONSTANT_CONVERSION = YES;
				CLANG_WARN_DEPRECATED_OBJC_IMPLEMENTATIONS = YES;
				CLANG_WARN_DIRECT_OBJC_ISA_USAGE = YES_ERROR;
				CLANG_WARN_DOCUMENTATION_COMMENTS = YES;
				CLANG_WARN_EMPTY_BODY = YES;
				CLANG_WARN_ENUM_CONVERSION = YES;
				CLANG_WARN_INFINITE_RECURSION = YES;
				CLANG_WARN_INT_CONVERSION = YES;
				CLANG_WARN_NON_LITERAL_NULL_CONVERSION = YES;
				CLANG_WARN_OBJC_IMPLICIT_RETAIN_SELF = YES;
				CLANG_WARN_OBJC_LITERAL_CONVERSION = YES;
				CLANG_WARN_OBJC_ROOT_CLASS = YES_ERROR;
				CLANG_WARN_RANGE_LOOP_ANALYSIS = YES;
				CLANG_WARN_STRICT_PROTOTYPES = YES;
				CLANG_WARN_SUSPICIOUS_MOVE = YES;
				CLANG_WARN_UNGUARDED_AVAILABILITY = YES_AGGRESSIVE;
				CLANG_WARN_UNREACHABLE_CODE = YES;
				CLANG_WARN__DUPLICATE_METHOD_MATCH = YES;
				CODE_SIGN_IDENTITY = "-";
				COPY_PHASE_STRIP = NO;
				DEBUG_INFORMATION_FORMAT = dwarf;
				ENABLE_STRICT_OBJC_MSGSEND = YES;
				ENABLE_TESTABILITY = YES;
				GCC_C_LANGUAGE_STANDARD = gnu11;
				GCC_DYNAMIC_NO_PIC = NO;
				GCC_NO_COMMON_BLOCKS = YES;
				GCC_OPTIMIZATION_LEVEL = 0;
				GCC_PREPROCESSOR_DEFINITIONS = (
					"DEBUG=1",
					"$(inherited)",
				);
				GCC_WARN_64_TO_32_BIT_CONVERSION = YES;
				GCC_WARN_ABOUT_RETURN_TYPE = YES_ERROR;
				GCC_WARN_UNDECLARED_SELECTOR = YES;
				GCC_WARN_UNINITIALIZED_AUTOS = YES_AGGRESSIVE;
				GCC_WARN_UNUSED_FUNCTION = YES;
				GCC_WARN_UNUSED_VARIABLE = YES;
				MACOSX_DEPLOYMENT_TARGET = 10.13;
				MTL_ENABLE_DEBUG_INFO = INCLUDE_SOURCE;
				MTL_FAST_MATH = YES;
				ONLY_ACTIVE_ARCH = YES;
				SDKROOT = macosx;
				SWIFT_ACTIVE_COMPILATION_CONDITIONS = DEBUG;
				SWIFT_OPTIMIZATION_LEVEL = "-Onone";
			};
			name = Debug;
		};
		FAEACC7829BBA283002A15E4 /* Release */ = {
			isa = XCBuildConfiguration;
			buildSettings = {
				ALWAYS_SEARCH_USER_PATHS = NO;
				CLANG_ANALYZER_NONNULL = YES;
				CLANG_ANALYZER_NUMBER_OBJECT_CONVERSION = YES_AGGRESSIVE;
				CLANG_CXX_LANGUAGE_STANDARD = "gnu++14";
				CLANG_CXX_LIBRARY = "libc++";
				CLANG_ENABLE_MODULES = YES;
				CLANG_ENABLE_OBJC_ARC = YES;
				CLANG_ENABLE_OBJC_WEAK = YES;
				CLANG_WARN_BLOCK_CAPTURE_AUTORELEASING = YES;
				CLANG_WARN_BOOL_CONVERSION = YES;
				CLANG_WARN_COMMA = YES;
				CLANG_WARN_CONSTANT_CONVERSION = YES;
				CLANG_WARN_DEPRECATED_OBJC_IMPLEMENTATIONS = YES;
				CLANG_WARN_DIRECT_OBJC_ISA_USAGE = YES_ERROR;
				CLANG_WARN_DOCUMENTATION_COMMENTS = YES;
				CLANG_WARN_EMPTY_BODY = YES;
				CLANG_WARN_ENUM_CONVERSION = YES;
				CLANG_WARN_INFINITE_RECURSION = YES;
				CLANG_WARN_INT_CONVERSION = YES;
				CLANG_WARN_NON_LITERAL_NULL_CONVERSION = YES;
				CLANG_WARN_OBJC_IMPLICIT_RETAIN_SELF = YES;
				CLANG_WARN_OBJC_LITERAL_CONVERSION = YES;
				CLANG_WARN_OBJC_ROOT_CLASS = YES_ERROR;
				CLANG_WARN_RANGE_LOOP_ANALYSIS = YES;
				CLANG_WARN_STRICT_PROTOTYPES = YES;
				CLANG_WARN_SUSPICIOUS_MOVE = YES;
				CLANG_WARN_UNGUARDED_AVAILABILITY = YES_AGGRESSIVE;
				CLANG_WARN_UNREACHABLE_CODE = YES;
				CLANG_WARN__DUPLICATE_METHOD_MATCH = YES;
				CODE_SIGN_IDENTITY = "-";
				COPY_PHASE_STRIP = NO;
				DEBUG_INFORMATION_FORMAT = "dwarf-with-dsym";
				ENABLE_NS_ASSERTIONS = NO;
				ENABLE_STRICT_OBJC_MSGSEND = YES;
				GCC_C_LANGUAGE_STANDARD = gnu11;
				GCC_NO_COMMON_BLOCKS = YES;
				GCC_WARN_64_TO_32_BIT_CONVERSION = YES;
				GCC_WARN_ABOUT_RETURN_TYPE = YES_ERROR;
				GCC_WARN_UNDECLARED_SELECTOR = YES;
				GCC_WARN_UNINITIALIZED_AUTOS = YES_AGGRESSIVE;
				GCC_WARN_UNUSED_FUNCTION = YES;
				GCC_WARN_UNUSED_VARIABLE = YES;
				MACOSX_DEPLOYMENT_TARGET = 10.13;
				MTL_ENABLE_DEBUG_INFO = NO;
				MTL_FAST_MATH = YES;
				SDKROOT = macosx;
				SWIFT_COMPILATION_MODE = wholemodule;
				SWIFT_OPTIMIZATION_LEVEL = "-O";
			};
			name = Release;
		};
		FAEACC7A29BBA283002A15E4 /* Debug */ = {
			isa = XCBuildConfiguration;
			buildSettings = {
				ASSETCATALOG_COMPILER_APPICON_NAME = AppIcon;
				CODE_SIGN_ENTITLEMENTS = "";
				CODE_SIGN_STYLE = Automatic;
				COMBINE_HIDPI_IMAGES = YES;
				DEVELOPMENT_TEAM = 7KFZCAW8RV;
				INFOPLIST_FILE = "nxboot-gui/Info.plist";
				LD_RUNPATH_SEARCH_PATHS = (
					"$(inherited)",
					"@executable_path/../Frameworks",
				);
				OTHER_LDFLAGS = (
					"-sectcreate",
					__TEXT,
					__intermezzo,
					"\"/Users/alex/Desktop/swift/nxboot-gui/Shared/Payloads/intermezzo.bin\"",
					"-L\"/Users/alex/Desktop/swift/nxboot-gui/System/lib\"",
				);
				PRODUCT_BUNDLE_IDENTIFIER = "alexChecker.nxboot-gui";
				PRODUCT_NAME = "$(TARGET_NAME)";
				SWIFT_OBJC_BRIDGING_HEADER = "nxboot-gui/nxboot-gui-Bridging-Header.h";
				SWIFT_VERSION = 4.2;
			};
			name = Debug;
		};
		FAEACC7B29BBA283002A15E4 /* Release */ = {
			isa = XCBuildConfiguration;
			buildSettings = {
				ASSETCATALOG_COMPILER_APPICON_NAME = AppIcon;
				CODE_SIGN_ENTITLEMENTS = "";
				CODE_SIGN_STYLE = Automatic;
				COMBINE_HIDPI_IMAGES = YES;
				DEVELOPMENT_TEAM = 7KFZCAW8RV;
				INFOPLIST_FILE = "nxboot-gui/Info.plist";
				LD_RUNPATH_SEARCH_PATHS = (
					"$(inherited)",
					"@executable_path/../Frameworks",
				);
				OTHER_LDFLAGS = (
					"-sectcreate",
					__TEXT,
					__intermezzo,
					"\"/Users/alex/Desktop/swift/nxboot-gui/Shared/Payloads/intermezzo.bin\"",
					"-L\"/Users/alex/Desktop/swift/nxboot-gui/System/lib\"",
				);
				PRODUCT_BUNDLE_IDENTIFIER = "alexChecker.nxboot-gui";
				PRODUCT_NAME = "$(TARGET_NAME)";
				SWIFT_OBJC_BRIDGING_HEADER = "nxboot-gui/nxboot-gui-Bridging-Header.h";
				SWIFT_VERSION = 4.2;
			};
			name = Release;
		};
/* End XCBuildConfiguration section */

/* Begin XCConfigurationList section */
		FAEACC6429BBA281002A15E4 /* Build configuration list for PBXProject "nxboot-gui" */ = {
			isa = XCConfigurationList;
			buildConfigurations = (
				FAEACC7729BBA283002A15E4 /* Debug */,
				FAEACC7829BBA283002A15E4 /* Release */,
			);
			defaultConfigurationIsVisible = 0;
			defaultConfigurationName = Release;
		};
		FAEACC7929BBA283002A15E4 /* Build configuration list for PBXNativeTarget "nxboot-gui" */ = {
			isa = XCConfigurationList;
			buildConfigurations = (
				FAEACC7A29BBA283002A15E4 /* Debug */,
				FAEACC7B29BBA283002A15E4 /* Release */,
			);
			defaultConfigurationIsVisible = 0;
			defaultConfigurationName = Release;
		};
/* End XCConfigurationList section */
	};
	rootObject = FAEACC6129BBA281002A15E4 /* Project object */;
}
